{
  "originHash" : "81e10eeca12d0376880ed9b673db9503a3e6c3ab4ed87f8c74447e2deca19514",
  "pins" : [
    {
      "identity" : "sfsymbolsfinder",
      "kind" : "remoteSourceControl",
      "location" : "https://github.com/abadikaka/SFSymbolsFinder",
      "state" : {
        "revision" : "955b818250237756389a9e27d163142e983e77f3",
        "version" : "5.0.0"
      }
    },
    {
      "identity" : "smile",
      "kind" : "remoteSourceControl",
      "location" : "https://github.com/onmyway133/Smile",
      "state" : {
        "revision" : "40604722a7a56f735124e069fcbb58307637744b",
        "version" : "2.1.0"
      }
    }
  ],
  "version" : 3
}
